
Microsoft Visual Studio Solution File, Format Version 12.00
# Visual Studio 2015
Project("{FAE04EC0-301F-11D3-BF4B-00C04F79EFBC}") = "Sinister Overhaul.CSharp", "Sinister Overhaul.CSharp.csproj", "{323EC93F-E47A-B914-107A-D49D4E643EA9}"
EndProject
Project("{FAE04EC0-301F-11D3-BF4B-00C04F79EFBC}") = "Sinister Overhaul.CSharp.Editor", "Sinister Overhaul.CSharp.Editor.csproj", "{88974946-1CB0-9D42-5AED-28FC419814FD}"
EndProject
Global
	GlobalSection(SolutionConfigurationPlatforms) = preSolution
		Debug|Any CPU = Debug|Any CPU
		Release|Any CPU = Release|Any CPU
	EndGlobalSection
	GlobalSection(ProjectConfigurationPlatforms) = postSolution
		{323EC93F-E47A-B914-107A-D49D4E643EA9}.Debug|Any CPU.ActiveCfg = Debug|Any CPU
		{323EC93F-E47A-B914-107A-D49D4E643EA9}.Debug|Any CPU.Build.0 = Debug|Any CPU
		{323EC93F-E47A-B914-107A-D49D4E643EA9}.Release|Any CPU.ActiveCfg = Release|Any CPU
		{323EC93F-E47A-B914-107A-D49D4E643EA9}.Release|Any CPU.Build.0 = Release|Any CPU
		{88974946-1CB0-9D42-5AED-28FC419814FD}.Debug|Any CPU.ActiveCfg = Debug|Any CPU
		{88974946-1CB0-9D42-5AED-28FC419814FD}.Debug|Any CPU.Build.0 = Debug|Any CPU
		{88974946-1CB0-9D42-5AED-28FC419814FD}.Release|Any CPU.ActiveCfg = Release|Any CPU
		{88974946-1CB0-9D42-5AED-28FC419814FD}.Release|Any CPU.Build.0 = Release|Any CPU
	EndGlobalSection
	GlobalSection(SolutionProperties) = preSolution
		HideSolutionNode = FALSE
	EndGlobalSection
EndGlobal
